
Microsoft Visual Studio Solution File, Format Version 12.00
# Visual Studio Version 16
VisualStudioVersion = 16.0.31702.278
MinimumVisualStudioVersion = 10.0.40219.1
Project("{FAE04EC0-301F-11D3-BF4B-00C04F79EFBC}") = "Discord.Webhook", "Discord.Webhook.csproj", "{FD1C258F-56D7-4E0C-A506-C554F72D7360}"
EndProject
Global
	GlobalSection(SolutionConfigurationPlatforms) = preSolution
		Debug|Any CPU = Debug|Any CPU
		Release|Any CPU = Release|Any CPU
	EndGlobalSection
	GlobalSection(ProjectConfigurationPlatforms) = postSolution
		{FD1C258F-56D7-4E0C-A506-C554F72D7360}.Debug|Any CPU.ActiveCfg = Debug|Any CPU
		{FD1C258F-56D7-4E0C-A506-C554F72D7360}.Debug|Any CPU.Build.0 = Debug|Any CPU
		{FD1C258F-56D7-4E0C-A506-C554F72D7360}.Release|Any CPU.ActiveCfg = Release|Any CPU
		{FD1C258F-56D7-4E0C-A506-C554F72D7360}.Release|Any CPU.Build.0 = Release|Any CPU
	EndGlobalSection
	GlobalSection(SolutionProperties) = preSolution
		HideSolutionNode = FALSE
	EndGlobalSection
	GlobalSection(ExtensibilityGlobals) = postSolution
		SolutionGuid = {73A44966-4D20-49EF-AD07-51EBC7B4EC93}
	EndGlobalSection
EndGlobal
